// !$*UTF8*$!
{
	archiveVersion = 1;
	classes = {
	};
	objectVersion = 50;
	objects = {

/* Begin PBXBuildFile section */
		66814E48214ACEC000A82A4D /* AppDelegate.m in Sources */ = {isa = PBXBuildFile; fileRef = 66814E47214ACEC000A82A4D /* AppDelegate.m */; };
		66814E4D214ACEC100A82A4D /* Assets.xcassets in Resources */ = {isa = PBXBuildFile; fileRef = 66814E4C214ACEC100A82A4D /* Assets.xcassets */; };
		66814E50214ACEC100A82A4D /* Main.storyboard in Resources */ = {isa = PBXBuildFile; fileRef = 66814E4E214ACEC100A82A4D /* Main.storyboard */; };
		66814E53214ACEC100A82A4D /* main.m in Sources */ = {isa = PBXBuildFile; fileRef = 66814E52214ACEC100A82A4D /* main.m */; };
		66814E6E214AEFC100A82A4D /* nullify128@1x.png in Resources */ = {isa = PBXBuildFile; fileRef = 66814E6A214AEFC100A82A4D /* nullify128@1x.png */; };
		66814E70214AEFC100A82A4D /* nullify_icon.png in Resources */ = {isa = PBXBuildFile; fileRef = 66814E6C214AEFC100A82A4D /* nullify_icon.png */; };
		66814E7D214AF22E00A82A4D /* StatusBarButtonImage.png in Resources */ = {isa = PBXBuildFile; fileRef = 66814E7B214AF22E00A82A4D /* StatusBarButtonImage.png */; };
		66814E7E214AF22E00A82A4D /* StatusBarButtonImage@2x.png in Resources */ = {isa = PBXBuildFile; fileRef = 66814E7C214AF22E00A82A4D /* StatusBarButtonImage@2x.png */; };
/* End PBXBuildFile section */

/* Begin PBXFileReference section */
		66814E43214ACEC000A82A4D /* Nullify.app */ = {isa = PBXFileReference; explicitFileType = wrapper.application; includeInIndex = 0; path = Nullify.app; sourceTree = BUILT_PRODUCTS_DIR; };
		66814E46214ACEC000A82A4D /* AppDelegate.h */ = {isa = PBXFileReference; lastKnownFileType = sourcecode.c.h; path = AppDelegate.h; sourceTree = "<group>"; };
		66814E47214ACEC000A82A4D /* AppDelegate.m */ = {isa = PBXFileReference; lastKnownFileType = sourcecode.c.objc; path = AppDelegate.m; sourceTree = "<group>"; };
		66814E4C214ACEC100A82A4D /* Assets.xcassets */ = {isa = PBXFileReference; lastKnownFileType = folder.assetcatalog; path = Assets.xcassets; sourceTree = "<group>"; };
		66814E4F214ACEC100A82A4D /* Base */ = {isa = PBXFileReference; lastKnownFileType = file.storyboard; name = Base; path = Base.lproj/Main.storyboard; sourceTree = "<group>"; };
		66814E51214ACEC100A82A4D /* Info.plist */ = {isa = PBXFileReference; lastKnownFileType = text.plist.xml; path = Info.plist; sourceTree = "<group>"; };
		66814E52214ACEC100A82A4D /* main.m */ = {isa = PBXFileReference; lastKnownFileType = sourcecode.c.objc; path = main.m; sourceTree = "<group>"; };
		66814E54214ACEC100A82A4D /* Nullify.entitlements */ = {isa = PBXFileReference; lastKnownFileType = text.plist.entitlements; path = Nullify.entitlements; sourceTree = "<group>"; };
		66814E6A214AEFC100A82A4D /* nullify128@1x.png */ = {isa = PBXFileReference; lastKnownFileType = image.png; path = "nullify128@1x.png"; sourceTree = "<group>"; };
		66814E6C214AEFC100A82A4D /* nullify_icon.png */ = {isa = PBXFileReference; lastKnownFileType = image.png; path = nullify_icon.png; sourceTree = "<group>"; };
		66814E7B214AF22E00A82A4D /* StatusBarButtonImage.png */ = {isa = PBXFileReference; lastKnownFileType = image.png; path = StatusBarButtonImage.png; sourceTree = "<group>"; };
		66814E7C214AF22E00A82A4D /* StatusBarButtonImage@2x.png */ = {isa = PBXFileReference; lastKnownFileType = image.png; path = "StatusBarButtonImage@2x.png"; sourceTree = "<group>"; };
/* End PBXFileReference section */

/* Begin PBXFrameworksBuildPhase section */
		66814E40214ACEC000A82A4D /* Frameworks */ = {
			isa = PBXFrameworksBuildPhase;
			buildActionMask = 2147483647;
			files = (
			);
			runOnlyForDeploymentPostprocessing = 0;
		};
/* End PBXFrameworksBuildPhase section */

/* Begin PBXGroup section */
		66814E3A214ACEC000A82A4D = {
			isa = PBXGroup;
			children = (
				66814E45214ACEC000A82A4D /* Nullify */,
				66814E44214ACEC000A82A4D /* Products */,
			);
			sourceTree = "<group>";
		};
		66814E44214ACEC000A82A4D /* Products */ = {
			isa = PBXGroup;
			children = (
				66814E43214ACEC000A82A4D /* Nullify.app */,
			);
			name = Products;
			sourceTree = "<group>";
		};
		66814E45214ACEC000A82A4D /* Nullify */ = {
			isa = PBXGroup;
			children = (
				66814E46214ACEC000A82A4D /* AppDelegate.h */,
				66814E47214ACEC000A82A4D /* AppDelegate.m */,
				66814E4C214ACEC100A82A4D /* Assets.xcassets */,
				66814E4E214ACEC100A82A4D /* Main.storyboard */,
				66814E51214ACEC100A82A4D /* Info.plist */,
				66814E52214ACEC100A82A4D /* main.m */,
				66814E54214ACEC100A82A4D /* Nullify.entitlements */,
				66814E68214AEFC100A82A4D /* Resources */,
			);
			path = Nullify;
			sourceTree = "<group>";
		};
		66814E68214AEFC100A82A4D /* Resources */ = {
			isa = PBXGroup;
			children = (
				66814E7B214AF22E00A82A4D /* StatusBarButtonImage.png */,
				66814E7C214AF22E00A82A4D /* StatusBarButtonImage@2x.png */,
				66814E6A214AEFC100A82A4D /* nullify128@1x.png */,
				66814E6C214AEFC100A82A4D /* nullify_icon.png */,
			);
			path = Resources;
			sourceTree = "<group>";
		};
/* End PBXGroup section */

/* Begin PBXNativeTarget section */
		66814E42214ACEC000A82A4D /* Nullify */ = {
			isa = PBXNativeTarget;
			buildConfigurationList = 66814E57214ACEC100A82A4D /* Build configuration list for PBXNativeTarget "Nullify" */;
			buildPhases = (
				66814E3F214ACEC000A82A4D /* Sources */,
				66814E40214ACEC000A82A4D /* Frameworks */,
				66814E41214ACEC000A82A4D /* Resources */,
			);
			buildRules = (
			);
			dependencies = (
			);
			name = Nullify;
			productName = Nullify;
			productReference = 66814E43214ACEC000A82A4D /* Nullify.app */;
			productType = "com.apple.product-type.application";
		};
/* End PBXNativeTarget section */

/* Begin PBXProject section */
		66814E3B214ACEC000A82A4D /* Project object */ = {
			isa = PBXProject;
			attributes = {
				LastUpgradeCheck = 0940;
				ORGANIZATIONNAME = "Scott Liu";
				TargetAttributes = {
					66814E42214ACEC000A82A4D = {
						CreatedOnToolsVersion = 9.4.1;
					};
				};
			};
			buildConfigurationList = 66814E3E214ACEC000A82A4D /* Build configuration list for PBXProject "Nullify" */;
			compatibilityVersion = "Xcode 9.3";
			developmentRegion = en;
			hasScannedForEncodings = 0;
			knownRegions = (
				en,
				Base,
			);
			mainGroup = 66814E3A214ACEC000A82A4D;
			productRefGroup = 66814E44214ACEC000A82A4D /* Products */;
			projectDirPath = "";
			projectRoot = "";
			targets = (
				66814E42214ACEC000A82A4D /* Nullify */,
			);
		};
/* End PBXProject section */

/* Begin PBXResourcesBuildPhase section */
		66814E41214ACEC000A82A4D /* Resources */ = {
			isa = PBXResourcesBuildPhase;
			buildActionMask = 2147483647;
			files = (
				66814E70214AEFC100A82A4D /* nullify_icon.png in Resources */,
				66814E7D214AF22E00A82A4D /* StatusBarButtonImage.png in Resources */,
				66814E7E214AF22E00A82A4D /* StatusBarButtonImage@2x.png in Resources */,
				66814E4D214ACEC100A82A4D /* Assets.xcassets in Resources */,
				66814E50214ACEC100A82A4D /* Main.storyboard in Resources */,
				66814E6E214AEFC100A82A4D /* nullify128@1x.png in Resources */,
			);
			runOnlyForDeploymentPostprocessing = 0;
		};
/* End PBXResourcesBuildPhase section */

/* Begin PBXSourcesBuildPhase section */
		66814E3F214ACEC000A82A4D /* Sources */ = {
			isa = PBXSourcesBuildPhase;
			buildActionMask = 2147483647;
			files = (
				66814E53214ACEC100A82A4D /* main.m in Sources */,
				66814E48214ACEC000A82A4D /* AppDelegate.m in Sources */,
			);
			runOnlyForDeploymentPostprocessing = 0;
		};
/* End PBXSourcesBuildPhase section */

/* Begin PBXVariantGroup section */
		66814E4E214ACEC100A82A4D /* Main.storyboard */ = {
			isa = PBXVariantGroup;
			children = (
				66814E4F214ACEC100A82A4D /* Base */,
			);
			name = Main.storyboard;
			sourceTree = "<group>";
		};
/* End PBXVariantGroup section */

/* Begin XCBuildConfiguration section */
		66814E55214ACEC100A82A4D /* Debug */ = {
			isa = XCBuildConfiguration;
			buildSettings = {
				ALWAYS_SEARCH_USER_PATHS = NO;
				CLANG_ANALYZER_NONNULL = YES;
				CLANG_ANALYZER_NUMBER_OBJECT_CONVERSION = YES_AGGRESSIVE;
				CLANG_CXX_LANGUAGE_STANDARD = "gnu++14";
				CLANG_CXX_LIBRARY = "libc++";
				CLANG_ENABLE_MODULES = YES;
				CLANG_ENABLE_OBJC_ARC = YES;
				CLANG_ENABLE_OBJC_WEAK = YES;
				CLANG_WARN_BLOCK_CAPTURE_AUTORELEASING = YES;
				CLANG_WARN_BOOL_CONVERSION = YES;
				CLANG_WARN_COMMA = YES;
				CLANG_WARN_CONSTANT_CONVERSION = YES;
				CLANG_WARN_DEPRECATED_OBJC_IMPLEMENTATIONS = YES;
				CLANG_WARN_DIRECT_OBJC_ISA_USAGE = YES_ERROR;
				CLANG_WARN_DOCUMENTATION_COMMENTS = YES;
				CLANG_WARN_EMPTY_BODY = YES;
				CLANG_WARN_ENUM_CONVERSION = YES;
				CLANG_WARN_INFINITE_RECURSION = YES;
				CLANG_WARN_INT_CONVERSION = YES;
				CLANG_WARN_NON_LITERAL_NULL_CONVERSION = YES;
				CLANG_WARN_OBJC_IMPLICIT_RETAIN_SELF = YES;
				CLANG_WARN_OBJC_LITERAL_CONVERSION = YES;
				CLANG_WARN_OBJC_ROOT_CLASS = YES_ERROR;
				CLANG_WARN_RANGE_LOOP_ANALYSIS = YES;
				CLANG_WARN_STRICT_PROTOTYPES = YES;
				CLANG_WARN_SUSPICIOUS_MOVE = YES;
				CLANG_WARN_UNGUARDED_AVAILABILITY = YES_AGGRESSIVE;
				CLANG_WARN_UNREACHABLE_CODE = YES;
				CLANG_WARN__DUPLICATE_METHOD_MATCH = YES;
				CODE_SIGN_IDENTITY = "Mac Developer";
				COPY_PHASE_STRIP = NO;
				DEBUG_INFORMATION_FORMAT = dwarf;
				ENABLE_STRICT_OBJC_MSGSEND = YES;
				ENABLE_TESTABILITY = YES;
				GCC_C_LANGUAGE_STANDARD = gnu11;
				GCC_DYNAMIC_NO_PIC = NO;
				GCC_NO_COMMON_BLOCKS = YES;
				GCC_OPTIMIZATION_LEVEL = 0;
				GCC_PREPROCESSOR_DEFINITIONS = (
					"DEBUG=1",
					"$(inherited)",
				);
				GCC_WARN_64_TO_32_BIT_CONVERSION = YES;
				GCC_WARN_ABOUT_RETURN_TYPE = YES_ERROR;
				GCC_WARN_UNDECLARED_SELECTOR = YES;
				GCC_WARN_UNINITIALIZED_AUTOS = YES_AGGRESSIVE;
				GCC_WARN_UNUSED_FUNCTION = YES;
				GCC_WARN_UNUSED_VARIABLE = YES;
				MACOSX_DEPLOYMENT_TARGET = 10.13;
				MTL_ENABLE_DEBUG_INFO = YES;
				ONLY_ACTIVE_ARCH = YES;
				SDKROOT = macosx;
			};
			name = Debug;
		};
		66814E56214ACEC100A82A4D /* Release */ = {
			isa = XCBuildConfiguration;
			buildSettings = {
				ALWAYS_SEARCH_USER_PATHS = NO;
				CLANG_ANALYZER_NONNULL = YES;
				CLANG_ANALYZER_NUMBER_OBJECT_CONVERSION = YES_AGGRESSIVE;
				CLANG_CXX_LANGUAGE_STANDARD = "gnu++14";
				CLANG_CXX_LIBRARY = "libc++";
				CLANG_ENABLE_MODULES = YES;
				CLANG_ENABLE_OBJC_ARC = YES;
				CLANG_ENABLE_OBJC_WEAK = YES;
				CLANG_WARN_BLOCK_CAPTURE_AUTORELEASING = YES;
				CLANG_WARN_BOOL_CONVERSION = YES;
				CLANG_WARN_COMMA = YES;
				CLANG_WARN_CONSTANT_CONVERSION = YES;
				CLANG_WARN_DEPRECATED_OBJC_IMPLEMENTATIONS = YES;
				CLANG_WARN_DIRECT_OBJC_ISA_USAGE = YES_ERROR;
				CLANG_WARN_DOCUMENTATION_COMMENTS = YES;
				CLANG_WARN_EMPTY_BODY = YES;
				CLANG_WARN_ENUM_CONVERSION = YES;
				CLANG_WARN_INFINITE_RECURSION = YES;
				CLANG_WARN_INT_CONVERSION = YES;
				CLANG_WARN_NON_LITERAL_NULL_CONVERSION = YES;
				CLANG_WARN_OBJC_IMPLICIT_RETAIN_SELF = YES;
				CLANG_WARN_OBJC_LITERAL_CONVERSION = YES;
				CLANG_WARN_OBJC_ROOT_CLASS = YES_ERROR;
				CLANG_WARN_RANGE_LOOP_ANALYSIS = YES;
				CLANG_WARN_STRICT_PROTOTYPES = YES;
				CLANG_WARN_SUSPICIOUS_MOVE = YES;
				CLANG_WARN_UNGUARDED_AVAILABILITY = YES_AGGRESSIVE;
				CLANG_WARN_UNREACHABLE_CODE = YES;
				CLANG_WARN__DUPLICATE_METHOD_MATCH = YES;
				CODE_SIGN_IDENTITY = "Mac Developer";
				COPY_PHASE_STRIP = NO;
				DEBUG_INFORMATION_FORMAT = "dwarf-with-dsym";
				ENABLE_NS_ASSERTIONS = NO;
				ENABLE_STRICT_OBJC_MSGSEND = YES;
				GCC_C_LANGUAGE_STANDARD = gnu11;
				GCC_NO_COMMON_BLOCKS = YES;
				GCC_WARN_64_TO_32_BIT_CONVERSION = YES;
				GCC_WARN_ABOUT_RETURN_TYPE = YES_ERROR;
				GCC_WARN_UNDECLARED_SELECTOR = YES;
				GCC_WARN_UNINITIALIZED_AUTOS = YES_AGGRESSIVE;
				GCC_WARN_UNUSED_FUNCTION = YES;
				GCC_WARN_UNUSED_VARIABLE = YES;
				MACOSX_DEPLOYMENT_TARGET = 10.13;
				MTL_ENABLE_DEBUG_INFO = NO;
				SDKROOT = macosx;
			};
			name = Release;
		};
		66814E58214ACEC100A82A4D /* Debug */ = {
			isa = XCBuildConfiguration;
			buildSettings = {
				ASSETCATALOG_COMPILER_APPICON_NAME = AppIcon;
				CODE_SIGN_ENTITLEMENTS = Nullify/Nullify.entitlements;
				CODE_SIGN_STYLE = Automatic;
				COMBINE_HIDPI_IMAGES = YES;
				DEVELOPMENT_TEAM = AGPAHW954E;
				INFOPLIST_FILE = Nullify/Info.plist;
				LD_RUNPATH_SEARCH_PATHS = (
					"$(inherited)",
					"@executable_path/../Frameworks",
				);
				PRODUCT_BUNDLE_IDENTIFIER = "com.scott-liu.Nullify";
				PRODUCT_NAME = "$(TARGET_NAME)";
			};
			name = Debug;
		};
		66814E59214ACEC100A82A4D /* Release */ = {
			isa = XCBuildConfiguration;
			buildSettings = {
				ASSETCATALOG_COMPILER_APPICON_NAME = AppIcon;
				CODE_SIGN_ENTITLEMENTS = Nullify/Nullify.entitlements;
				CODE_SIGN_STYLE = Automatic;
				COMBINE_HIDPI_IMAGES = YES;
				DEVELOPMENT_TEAM = AGPAHW954E;
				INFOPLIST_FILE = Nullify/Info.plist;
				LD_RUNPATH_SEARCH_PATHS = (
					"$(inherited)",
					"@executable_path/../Frameworks",
				);
				PRODUCT_BUNDLE_IDENTIFIER = "com.scott-liu.Nullify";
				PRODUCT_NAME = "$(TARGET_NAME)";
			};
			name = Release;
		};
/* End XCBuildConfiguration section */

/* Begin XCConfigurationList section */
		66814E3E214ACEC000A82A4D /* Build configuration list for PBXProject "Nullify" */ = {
			isa = XCConfigurationList;
			buildConfigurations = (
				66814E55214ACEC100A82A4D /* Debug */,
				66814E56214ACEC100A82A4D /* Release */,
			);
			defaultConfigurationIsVisible = 0;
			defaultConfigurationName = Release;
		};
		66814E57214ACEC100A82A4D /* Build configuration list for PBXNativeTarget "Nullify" */ = {
			isa = XCConfigurationList;
			buildConfigurations = (
				66814E58214ACEC100A82A4D /* Debug */,
				66814E59214ACEC100A82A4D /* Release */,
			);
			defaultConfigurationIsVisible = 0;
			defaultConfigurationName = Release;
		};
/* End XCConfigurationList section */
	};
	rootObject = 66814E3B214ACEC000A82A4D /* Project object */;
}
